
Microsoft Visual Studio Solution File, Format Version 12.00
# Visual Studio 14
VisualStudioVersion = 14.0.23107.0
MinimumVisualStudioVersion = 10.0.40219.1
Project("{FAE04EC0-301F-11D3-BF4B-00C04F79EFBC}") = "DH.Core", "DH.Core\DH.Core.csproj", "{D897790D-749A-49CC-994B-9E45B07C49F2}"
EndProject
Project("{FAE04EC0-301F-11D3-BF4B-00C04F79EFBC}") = "DH.MQ", "DH.MQ\DH.MQ.csproj", "{287A2479-DFEB-4DC6-B934-A05F56F3EB06}"
EndProject
Project("{FAE04EC0-301F-11D3-BF4B-00C04F79EFBC}") = "DH.Console.Test", "DH.Console.Test\DH.Console.Test.csproj", "{11412BC4-62E2-4174-876C-9046595F4854}"
EndProject
Project("{FAE04EC0-301F-11D3-BF4B-00C04F79EFBC}") = "DH.Console.Sub", "DH.Console.Sub\DH.Console.Sub.csproj", "{B7DDD961-1047-42BA-8A43-9D15429E0301}"
EndProject
Project("{FAE04EC0-301F-11D3-BF4B-00C04F79EFBC}") = "DH.Common", "DH.Common\DH.Common.csproj", "{96664730-AADC-4A17-A079-28FA811FD0B9}"
EndProject
Project("{FAE04EC0-301F-11D3-BF4B-00C04F79EFBC}") = "DH.Console.Sub2", "DH.Console.Sub2\DH.Console.Sub2.csproj", "{A7F2A67C-45E4-46A2-A43B-3C5222F4580C}"
EndProject
Project("{2150E333-8FDC-42A3-9474-1A3956D46DE8}") = "Test", "Test", "{28F1F2B6-FBEB-4A68-B4D2-4CA188B623FA}"
EndProject
Project("{2150E333-8FDC-42A3-9474-1A3956D46DE8}") = "Src", "Src", "{717A407A-A668-4EF1-9232-148B4D0048A4}"
EndProject
Project("{FAE04EC0-301F-11D3-BF4B-00C04F79EFBC}") = "DH.Log4Net", "DH.Log4Net\DH.Log4Net.csproj", "{71C83D9B-69D4-4DFB-B15F-C455B6372A7F}"
EndProject
Project("{FAE04EC0-301F-11D3-BF4B-00C04F79EFBC}") = "DH.LogTest", "DH.LogTest\DH.LogTest.csproj", "{7856EC17-7351-436E-8A10-1C21ECC45F17}"
EndProject
Project("{FAE04EC0-301F-11D3-BF4B-00C04F79EFBC}") = "DH.Nlog", "DH.Nlog\DH.Nlog.csproj", "{4266FAF2-B907-43D2-93B1-ADC83B661A4E}"
EndProject
Project("{FAE04EC0-301F-11D3-BF4B-00C04F79EFBC}") = "DH.Nlog.ElasticSearch", "DH.Nlog.ElasticSearch\DH.Nlog.ElasticSearch.csproj", "{5796A422-C974-4D9F-9942-A533E283C4A7}"
EndProject
Project("{2150E333-8FDC-42A3-9474-1A3956D46DE8}") = "Third-source", "Third-source", "{A706A1E3-77B7-4E40-A77A-F98C6C8520B7}"
EndProject
Project("{FAE04EC0-301F-11D3-BF4B-00C04F79EFBC}") = "Elasticsearch.Net", "Elasticsearch.Net\Elasticsearch.Net.csproj", "{E97CCF40-0BA6-43FE-9F2D-58D454134088}"
EndProject
Global
	GlobalSection(SolutionConfigurationPlatforms) = preSolution
		Debug|Any CPU = Debug|Any CPU
		Release|Any CPU = Release|Any CPU
	EndGlobalSection
	GlobalSection(ProjectConfigurationPlatforms) = postSolution
		{D897790D-749A-49CC-994B-9E45B07C49F2}.Debug|Any CPU.ActiveCfg = Debug|Any CPU
		{D897790D-749A-49CC-994B-9E45B07C49F2}.Debug|Any CPU.Build.0 = Debug|Any CPU
		{D897790D-749A-49CC-994B-9E45B07C49F2}.Release|Any CPU.ActiveCfg = Release|Any CPU
		{D897790D-749A-49CC-994B-9E45B07C49F2}.Release|Any CPU.Build.0 = Release|Any CPU
		{287A2479-DFEB-4DC6-B934-A05F56F3EB06}.Debug|Any CPU.ActiveCfg = Debug|Any CPU
		{287A2479-DFEB-4DC6-B934-A05F56F3EB06}.Debug|Any CPU.Build.0 = Debug|Any CPU
		{287A2479-DFEB-4DC6-B934-A05F56F3EB06}.Release|Any CPU.ActiveCfg = Release|Any CPU
		{287A2479-DFEB-4DC6-B934-A05F56F3EB06}.Release|Any CPU.Build.0 = Release|Any CPU
		{11412BC4-62E2-4174-876C-9046595F4854}.Debug|Any CPU.ActiveCfg = Debug|Any CPU
		{11412BC4-62E2-4174-876C-9046595F4854}.Debug|Any CPU.Build.0 = Debug|Any CPU
		{11412BC4-62E2-4174-876C-9046595F4854}.Release|Any CPU.ActiveCfg = Release|Any CPU
		{11412BC4-62E2-4174-876C-9046595F4854}.Release|Any CPU.Build.0 = Release|Any CPU
		{B7DDD961-1047-42BA-8A43-9D15429E0301}.Debug|Any CPU.ActiveCfg = Debug|Any CPU
		{B7DDD961-1047-42BA-8A43-9D15429E0301}.Debug|Any CPU.Build.0 = Debug|Any CPU
		{B7DDD961-1047-42BA-8A43-9D15429E0301}.Release|Any CPU.ActiveCfg = Release|Any CPU
		{B7DDD961-1047-42BA-8A43-9D15429E0301}.Release|Any CPU.Build.0 = Release|Any CPU
		{96664730-AADC-4A17-A079-28FA811FD0B9}.Debug|Any CPU.ActiveCfg = Debug|Any CPU
		{96664730-AADC-4A17-A079-28FA811FD0B9}.Debug|Any CPU.Build.0 = Debug|Any CPU
		{96664730-AADC-4A17-A079-28FA811FD0B9}.Release|Any CPU.ActiveCfg = Release|Any CPU
		{96664730-AADC-4A17-A079-28FA811FD0B9}.Release|Any CPU.Build.0 = Release|Any CPU
		{A7F2A67C-45E4-46A2-A43B-3C5222F4580C}.Debug|Any CPU.ActiveCfg = Debug|Any CPU
		{A7F2A67C-45E4-46A2-A43B-3C5222F4580C}.Debug|Any CPU.Build.0 = Debug|Any CPU
		{A7F2A67C-45E4-46A2-A43B-3C5222F4580C}.Release|Any CPU.ActiveCfg = Release|Any CPU
		{A7F2A67C-45E4-46A2-A43B-3C5222F4580C}.Release|Any CPU.Build.0 = Release|Any CPU
		{71C83D9B-69D4-4DFB-B15F-C455B6372A7F}.Debug|Any CPU.ActiveCfg = Debug|Any CPU
		{71C83D9B-69D4-4DFB-B15F-C455B6372A7F}.Debug|Any CPU.Build.0 = Debug|Any CPU
		{71C83D9B-69D4-4DFB-B15F-C455B6372A7F}.Release|Any CPU.ActiveCfg = Release|Any CPU
		{71C83D9B-69D4-4DFB-B15F-C455B6372A7F}.Release|Any CPU.Build.0 = Release|Any CPU
		{7856EC17-7351-436E-8A10-1C21ECC45F17}.Debug|Any CPU.ActiveCfg = Debug|Any CPU
		{7856EC17-7351-436E-8A10-1C21ECC45F17}.Debug|Any CPU.Build.0 = Debug|Any CPU
		{7856EC17-7351-436E-8A10-1C21ECC45F17}.Release|Any CPU.ActiveCfg = Release|Any CPU
		{7856EC17-7351-436E-8A10-1C21ECC45F17}.Release|Any CPU.Build.0 = Release|Any CPU
		{4266FAF2-B907-43D2-93B1-ADC83B661A4E}.Debug|Any CPU.ActiveCfg = Debug|Any CPU
		{4266FAF2-B907-43D2-93B1-ADC83B661A4E}.Debug|Any CPU.Build.0 = Debug|Any CPU
		{4266FAF2-B907-43D2-93B1-ADC83B661A4E}.Release|Any CPU.ActiveCfg = Release|Any CPU
		{4266FAF2-B907-43D2-93B1-ADC83B661A4E}.Release|Any CPU.Build.0 = Release|Any CPU
		{5796A422-C974-4D9F-9942-A533E283C4A7}.Debug|Any CPU.ActiveCfg = Debug|Any CPU
		{5796A422-C974-4D9F-9942-A533E283C4A7}.Debug|Any CPU.Build.0 = Debug|Any CPU
		{5796A422-C974-4D9F-9942-A533E283C4A7}.Release|Any CPU.ActiveCfg = Release|Any CPU
		{5796A422-C974-4D9F-9942-A533E283C4A7}.Release|Any CPU.Build.0 = Release|Any CPU
		{E97CCF40-0BA6-43FE-9F2D-58D454134088}.Debug|Any CPU.ActiveCfg = Debug|Any CPU
		{E97CCF40-0BA6-43FE-9F2D-58D454134088}.Debug|Any CPU.Build.0 = Debug|Any CPU
		{E97CCF40-0BA6-43FE-9F2D-58D454134088}.Release|Any CPU.ActiveCfg = Release|Any CPU
		{E97CCF40-0BA6-43FE-9F2D-58D454134088}.Release|Any CPU.Build.0 = Release|Any CPU
	EndGlobalSection
	GlobalSection(SolutionProperties) = preSolution
		HideSolutionNode = FALSE
	EndGlobalSection
	GlobalSection(NestedProjects) = preSolution
		{D897790D-749A-49CC-994B-9E45B07C49F2} = {717A407A-A668-4EF1-9232-148B4D0048A4}
		{287A2479-DFEB-4DC6-B934-A05F56F3EB06} = {717A407A-A668-4EF1-9232-148B4D0048A4}
		{11412BC4-62E2-4174-876C-9046595F4854} = {28F1F2B6-FBEB-4A68-B4D2-4CA188B623FA}
		{B7DDD961-1047-42BA-8A43-9D15429E0301} = {28F1F2B6-FBEB-4A68-B4D2-4CA188B623FA}
		{96664730-AADC-4A17-A079-28FA811FD0B9} = {717A407A-A668-4EF1-9232-148B4D0048A4}
		{A7F2A67C-45E4-46A2-A43B-3C5222F4580C} = {28F1F2B6-FBEB-4A68-B4D2-4CA188B623FA}
		{71C83D9B-69D4-4DFB-B15F-C455B6372A7F} = {717A407A-A668-4EF1-9232-148B4D0048A4}
		{7856EC17-7351-436E-8A10-1C21ECC45F17} = {28F1F2B6-FBEB-4A68-B4D2-4CA188B623FA}
		{4266FAF2-B907-43D2-93B1-ADC83B661A4E} = {717A407A-A668-4EF1-9232-148B4D0048A4}
		{5796A422-C974-4D9F-9942-A533E283C4A7} = {717A407A-A668-4EF1-9232-148B4D0048A4}
		{E97CCF40-0BA6-43FE-9F2D-58D454134088} = {A706A1E3-77B7-4E40-A77A-F98C6C8520B7}
	EndGlobalSection
EndGlobal
